# THIS IS AN AUTOGENERATED FILE. DO NOT EDIT THIS FILE DIRECTLY.
# yarn lockfile v1


angular-animate@^1.8.2:
  version "1.8.3"
  resolved "https://registry.yarnpkg.com/angular-animate/-/angular-animate-1.8.3.tgz#f88db37325de256f9144d1242ce3158134a9d72a"
  integrity sha512-/LtTKvy5sD6MZbV0v+nHgOIpnFF0mrUp+j5WIxVprVhcrJriYpuCZf4S7Owj1o76De/J0eRzANUozNJ6hVepnQ==

angular-resource@^1.8.2:
  version "1.8.3"
  resolved "https://registry.yarnpkg.com/angular-resource/-/angular-resource-1.8.3.tgz#013994c332f0e084f2735fe28af7bccc82f0774c"
  integrity sha512-x3+4w2SyIDEIe6PUBTzcjDFI5MhZNWAPELUxkYK0QMOkOo4w3BN/qhpd+fO1deFiDS23mZKqT8kfctO1IDkCDA==

angular-route@^1.8.2:
  version "1.8.3"
  resolved "https://registry.yarnpkg.com/angular-route/-/angular-route-1.8.3.tgz#f24a700ebd462454ca83a8b765df55c87a4edde1"
  integrity sha512-kpIcRmDR2+o1FxDVVYy8Rvfab86/7LDbOgTRb9T+X9ewPQiBRuDEnZtM3oJYBiQLvAXDYTJXHV48n/bGE9Mv2g==

angular-sanitize@^1.8.2:
  version "1.8.3"
  resolved "https://registry.yarnpkg.com/angular-sanitize/-/angular-sanitize-1.8.3.tgz#51378e990e78c7ecc1fb31cd68655aff690a3bf1"
  integrity sha512-2rxdqzlUVafUeWOwvY/FtyWk1pFTyCtzreeiTytG9m4smpuAEKaIJAjYeVwWsoV+nlTOcgpwV4W1OCmR+BQbUg==

angular@^1.8.2:
  version "1.8.3"
  resolved "https://registry.yarnpkg.com/angular/-/angular-1.8.3.tgz#851ad75d5163c105a7e329555ef70c90aa706894"
  integrity sha512-5qjkWIQQVsHj4Sb5TcEs4WZWpFeVFHXwxEBHUhrny41D8UrBAd6T/6nPPAsLngJCReIOqi95W3mxdveveutpZw==

echarts@^5.4.3:
  version "5.4.3"
  resolved "https://registry.yarnpkg.com/echarts/-/echarts-5.4.3.tgz#f5522ef24419164903eedcfd2b506c6fc91fb20c"
  integrity sha512-mYKxLxhzy6zyTi/FaEbJMOZU1ULGEQHaeIeuMR5L+JnJTpz+YR03mnnpBhbR4+UYJAgiXgpyTVLffPAjOTLkZA==
  dependencies:
    tslib "2.3.0"
    zrender "5.4.4"

node-snackbar@^0.1.16:
  version "0.1.16"
  resolved "https://registry.yarnpkg.com/node-snackbar/-/node-snackbar-0.1.16.tgz#72baa02d40afc4dfe5621137850b80246d8078d5"
  integrity sha512-3s43QMKgABXdnqUfpKAXG+WlvS8bbuO6n6LAOmmLNZs87CGdpexqfGYCktFVi9NHFgREwNJARgeVTLOFAf2MQg==

select2@^4.1.0-rc.0:
  version "4.1.0-rc.0"
  resolved "https://registry.yarnpkg.com/select2/-/select2-4.1.0-rc.0.tgz#ba3cd3901dda0155e1c0219ab41b74ba51ea22d8"
  integrity sha512-Hr9TdhyHCZUtwznEH2CBf7967mEM0idtJ5nMtjvk3Up5tPukOLXbHUNmh10oRfeNIhj+3GD3niu+g6sVK+gK0A==

sweetalert2@^11.6.4:
  version "11.7.32"
  resolved "https://registry.yarnpkg.com/sweetalert2/-/sweetalert2-11.7.32.tgz#366fde9eaa1fc8d7a8993400d7582715647a31cf"
  integrity sha512-44tNNe2oLe7T94mT6dus4hc9G7qg6jZU/K5qZzpNS6e5HGPrSF6Kie6oZ7B5puIJydB34V2h/8f5EhIFivYo4A==

tslib@2.3.0:
  version "2.3.0"
  resolved "https://registry.yarnpkg.com/tslib/-/tslib-2.3.0.tgz#803b8cdab3e12ba581a4ca41c8839bbb0dacb09e"
  integrity sha512-N82ooyxVNm6h1riLCoyS9e3fuJ3AMG2zIZs2Gd1ATcSFjSA23Q0fzjjZeh0jbJvWVDZ0cJT8yaNNaaXHzueNjg==

zrender@5.4.4:
  version "5.4.4"
  resolved "https://registry.yarnpkg.com/zrender/-/zrender-5.4.4.tgz#8854f1d95ecc82cf8912f5a11f86657cb8c9e261"
  integrity sha512-0VxCNJ7AGOMCWeHVyTrGzUgrK4asT4ml9PEkeGirAkKNYXYzoPJCLvmyfdoOXcjTHPs10OZVMfD1Rwg16AZyYw==
  dependencies:
    tslib "2.3.0"
